
Microsoft Visual Studio Solution File, Format Version 12.00
# Visual Studio Version 17
VisualStudioVersion = 17.3.32714.290
MinimumVisualStudioVersion = 10.0.40219.1
Project("{2150E333-8FDC-42A3-9474-1A3956D46DE8}") = ".style", ".style", "{3DECAE41-F78E-454F-8F7D-06250D52BEB4}"
	ProjectSection(SolutionItems) = preProject
		.editorconfig = .editorconfig
	EndProjectSection
EndProject
Project("{2150E333-8FDC-42A3-9474-1A3956D46DE8}") = ".github", ".github", "{72ED5DB5-760D-4D40-8DD3-7C0528151F25}"
EndProject
Project("{9A19103F-16F7-4668-BE54-9A1E7A4F7556}") = "Palantir.Homatic", "Palantir.Homatic\Palantir.Homatic.csproj", "{9B8C9AC6-24B5-413A-A065-A2E59FC7E139}"
EndProject
Project("{9A19103F-16F7-4668-BE54-9A1E7A4F7556}") = "Palantir.Apartment", "Palantir.Apartment\Palantir.Apartment.csproj", "{2F77DFD5-E947-4C87-8FF2-A964C69A513C}"
EndProject
Project("{9A19103F-16F7-4668-BE54-9A1E7A4F7556}") = "Palantir.Sys", "Palantir.Sys\Palantir.Sys.csproj", "{6CAE0CCB-519B-4FD6-A795-119E718F2EB8}"
EndProject
Project("{9A19103F-16F7-4668-BE54-9A1E7A4F7556}") = "Palantir", "Palantir\Palantir.csproj", "{23FBC106-BBC2-4B91-ABDF-0A2E641A7598}"
EndProject
Global
	GlobalSection(SolutionConfigurationPlatforms) = preSolution
		Debug|Any CPU = Debug|Any CPU
		Release|Any CPU = Release|Any CPU
	EndGlobalSection
	GlobalSection(ProjectConfigurationPlatforms) = postSolution
		{9B8C9AC6-24B5-413A-A065-A2E59FC7E139}.Debug|Any CPU.ActiveCfg = Debug|Any CPU
		{9B8C9AC6-24B5-413A-A065-A2E59FC7E139}.Debug|Any CPU.Build.0 = Debug|Any CPU
		{9B8C9AC6-24B5-413A-A065-A2E59FC7E139}.Release|Any CPU.ActiveCfg = Release|Any CPU
		{9B8C9AC6-24B5-413A-A065-A2E59FC7E139}.Release|Any CPU.Build.0 = Release|Any CPU
		{2F77DFD5-E947-4C87-8FF2-A964C69A513C}.Debug|Any CPU.ActiveCfg = Debug|Any CPU
		{2F77DFD5-E947-4C87-8FF2-A964C69A513C}.Debug|Any CPU.Build.0 = Debug|Any CPU
		{2F77DFD5-E947-4C87-8FF2-A964C69A513C}.Release|Any CPU.ActiveCfg = Release|Any CPU
		{2F77DFD5-E947-4C87-8FF2-A964C69A513C}.Release|Any CPU.Build.0 = Release|Any CPU
		{6CAE0CCB-519B-4FD6-A795-119E718F2EB8}.Debug|Any CPU.ActiveCfg = Debug|Any CPU
		{6CAE0CCB-519B-4FD6-A795-119E718F2EB8}.Debug|Any CPU.Build.0 = Debug|Any CPU
		{6CAE0CCB-519B-4FD6-A795-119E718F2EB8}.Release|Any CPU.ActiveCfg = Release|Any CPU
		{6CAE0CCB-519B-4FD6-A795-119E718F2EB8}.Release|Any CPU.Build.0 = Release|Any CPU
		{23FBC106-BBC2-4B91-ABDF-0A2E641A7598}.Debug|Any CPU.ActiveCfg = Debug|Any CPU
		{23FBC106-BBC2-4B91-ABDF-0A2E641A7598}.Debug|Any CPU.Build.0 = Debug|Any CPU
		{23FBC106-BBC2-4B91-ABDF-0A2E641A7598}.Release|Any CPU.ActiveCfg = Release|Any CPU
		{23FBC106-BBC2-4B91-ABDF-0A2E641A7598}.Release|Any CPU.Build.0 = Release|Any CPU
	EndGlobalSection
	GlobalSection(SolutionProperties) = preSolution
		HideSolutionNode = FALSE
	EndGlobalSection
	GlobalSection(ExtensibilityGlobals) = postSolution
		SolutionGuid = {33B65BB7-2513-42EA-9373-341C04902FA2}
	EndGlobalSection
EndGlobal
