
Microsoft Visual Studio Solution File, Format Version 12.00
# Visual Studio Version 17
VisualStudioVersion = 17.3.32714.290
MinimumVisualStudioVersion = 10.0.40219.1
Project("{2150E333-8FDC-42A3-9474-1A3956D46DE8}") = ".style", ".style", "{3DECAE41-F78E-454F-8F7D-06250D52BEB4}"
	ProjectSection(SolutionItems) = preProject
		.editorconfig = .editorconfig
	EndProjectSection
EndProject
Project("{9A19103F-16F7-4668-BE54-9A1E7A4F7556}") = "Palantir.Homatic", "Palantir.Homatic\Palantir.Homatic.csproj", "{9B8C9AC6-24B5-413A-A065-A2E59FC7E139}"
EndProject
Project("{9A19103F-16F7-4668-BE54-9A1E7A4F7556}") = "Palantir.Homatic.Mock", "Palantir.Homatic.Mock\Palantir.Homatic.Mock.csproj", "{24D990CA-E77E-47F8-9EDB-A0AADBAAFEEC}"
EndProject
Project("{FAE04EC0-301F-11D3-BF4B-00C04F79EFBC}") = "Palantir", "Palantir\Palantir.csproj", "{FAC5DA6F-6766-4AFA-9E8B-9EBA7375DE65}"
EndProject
Project("{FAE04EC0-301F-11D3-BF4B-00C04F79EFBC}") = "Palantir.Sys", "Palantir.Sys\Palantir.Sys.csproj", "{56DC664F-384A-49EE-B14A-BCF4A264B175}"
EndProject
Global
	GlobalSection(SolutionConfigurationPlatforms) = preSolution
		Debug|Any CPU = Debug|Any CPU
		Release|Any CPU = Release|Any CPU
	EndGlobalSection
	GlobalSection(ProjectConfigurationPlatforms) = postSolution
		{9B8C9AC6-24B5-413A-A065-A2E59FC7E139}.Debug|Any CPU.ActiveCfg = Debug|Any CPU
		{9B8C9AC6-24B5-413A-A065-A2E59FC7E139}.Debug|Any CPU.Build.0 = Debug|Any CPU
		{9B8C9AC6-24B5-413A-A065-A2E59FC7E139}.Release|Any CPU.ActiveCfg = Release|Any CPU
		{9B8C9AC6-24B5-413A-A065-A2E59FC7E139}.Release|Any CPU.Build.0 = Release|Any CPU
		{24D990CA-E77E-47F8-9EDB-A0AADBAAFEEC}.Debug|Any CPU.ActiveCfg = Debug|Any CPU
		{24D990CA-E77E-47F8-9EDB-A0AADBAAFEEC}.Debug|Any CPU.Build.0 = Debug|Any CPU
		{24D990CA-E77E-47F8-9EDB-A0AADBAAFEEC}.Release|Any CPU.ActiveCfg = Release|Any CPU
		{24D990CA-E77E-47F8-9EDB-A0AADBAAFEEC}.Release|Any CPU.Build.0 = Release|Any CPU
		{FAC5DA6F-6766-4AFA-9E8B-9EBA7375DE65}.Debug|Any CPU.ActiveCfg = Debug|Any CPU
		{FAC5DA6F-6766-4AFA-9E8B-9EBA7375DE65}.Debug|Any CPU.Build.0 = Debug|Any CPU
		{FAC5DA6F-6766-4AFA-9E8B-9EBA7375DE65}.Release|Any CPU.ActiveCfg = Release|Any CPU
		{FAC5DA6F-6766-4AFA-9E8B-9EBA7375DE65}.Release|Any CPU.Build.0 = Release|Any CPU
		{56DC664F-384A-49EE-B14A-BCF4A264B175}.Debug|Any CPU.ActiveCfg = Debug|Any CPU
		{56DC664F-384A-49EE-B14A-BCF4A264B175}.Debug|Any CPU.Build.0 = Debug|Any CPU
		{56DC664F-384A-49EE-B14A-BCF4A264B175}.Release|Any CPU.ActiveCfg = Release|Any CPU
		{56DC664F-384A-49EE-B14A-BCF4A264B175}.Release|Any CPU.Build.0 = Release|Any CPU
	EndGlobalSection
	GlobalSection(SolutionProperties) = preSolution
		HideSolutionNode = FALSE
	EndGlobalSection
	GlobalSection(ExtensibilityGlobals) = postSolution
		SolutionGuid = {33B65BB7-2513-42EA-9373-341C04902FA2}
	EndGlobalSection
EndGlobal
